
Microsoft Visual Studio Solution File, Format Version 12.00
Project("{2150E333-8FDC-42A3-9474-1A3956D46DE8}") = "Solution Items", "Solution Items", "{47DA45BF-14ED-45FC-BD39-AB337420156B}"
	ProjectSection(SolutionItems) = preProject
		compose.yaml = compose.yaml
	EndProjectSection
EndProject
Project("{FAE04EC0-301F-11D3-BF4B-00C04F79EFBC}") = "minitwit.web", "minitwit.web\minitwit.web.csproj", "{4B81108E-E434-4A79-AD3D-876CA3287951}"
EndProject
Project("{FAE04EC0-301F-11D3-BF4B-00C04F79EFBC}") = "minitwit.test", "minitwit.test\minitwit.test.csproj", "{A70C3091-82A0-4B68-B499-1032621A1A92}"
EndProject
Project("{2150E333-8FDC-42A3-9474-1A3956D46DE8}") = "Web", "Web", "{E02345C6-AA61-4F71-A440-004336F5945F}"
EndProject
Project("{FAE04EC0-301F-11D3-BF4B-00C04F79EFBC}") = "Web", "Web\Web\Web.csproj", "{D51E3D32-4CCB-4142-A00B-A66B9AB1E7AF}"
EndProject
Project("{FAE04EC0-301F-11D3-BF4B-00C04F79EFBC}") = "Web.Services", "Web\Web.Services\Web.Services.csproj", "{82571DD0-F11B-4D31-885A-925B9CF2FB83}"
EndProject
Project("{2150E333-8FDC-42A3-9474-1A3956D46DE8}") = "Api", "Api", "{BCAC9BEC-A9CD-47B6-BAF8-ECC398027268}"
EndProject
Project("{FAE04EC0-301F-11D3-BF4B-00C04F79EFBC}") = "Api", "Api\Api\Api.csproj", "{4C1F41FF-1415-429F-BD29-CFEDFFA2596C}"
EndProject
Project("{FAE04EC0-301F-11D3-BF4B-00C04F79EFBC}") = "Api.Services", "Api\Api.Services\Api.Services.csproj", "{C2EEB158-F8AB-4B24-A9B0-9A33B26AB49C}"
EndProject
Project("{FAE04EC0-301F-11D3-BF4B-00C04F79EFBC}") = "Api.DataAccess", "Api\Api.DataAccess\Api.DataAccess.csproj", "{70403A72-98C8-439F-85FB-97BDF20C8114}"
EndProject
Project("{FAE04EC0-301F-11D3-BF4B-00C04F79EFBC}") = "Api.UnitTest", "Api\Api.UnitTest\Api.UnitTest.csproj", "{5737B7BC-7905-4D37-A6FD-3DAB89A317F4}"
EndProject
Global
	GlobalSection(SolutionConfigurationPlatforms) = preSolution
		Debug|Any CPU = Debug|Any CPU
		Release|Any CPU = Release|Any CPU
	EndGlobalSection
	GlobalSection(ProjectConfigurationPlatforms) = postSolution
		{4B81108E-E434-4A79-AD3D-876CA3287951}.Debug|Any CPU.ActiveCfg = Debug|Any CPU
		{4B81108E-E434-4A79-AD3D-876CA3287951}.Debug|Any CPU.Build.0 = Debug|Any CPU
		{4B81108E-E434-4A79-AD3D-876CA3287951}.Release|Any CPU.ActiveCfg = Release|Any CPU
		{4B81108E-E434-4A79-AD3D-876CA3287951}.Release|Any CPU.Build.0 = Release|Any CPU
		{A70C3091-82A0-4B68-B499-1032621A1A92}.Debug|Any CPU.ActiveCfg = Debug|Any CPU
		{A70C3091-82A0-4B68-B499-1032621A1A92}.Debug|Any CPU.Build.0 = Debug|Any CPU
		{A70C3091-82A0-4B68-B499-1032621A1A92}.Release|Any CPU.ActiveCfg = Release|Any CPU
		{A70C3091-82A0-4B68-B499-1032621A1A92}.Release|Any CPU.Build.0 = Release|Any CPU
		{D51E3D32-4CCB-4142-A00B-A66B9AB1E7AF}.Debug|Any CPU.ActiveCfg = Debug|Any CPU
		{D51E3D32-4CCB-4142-A00B-A66B9AB1E7AF}.Debug|Any CPU.Build.0 = Debug|Any CPU
		{D51E3D32-4CCB-4142-A00B-A66B9AB1E7AF}.Release|Any CPU.ActiveCfg = Release|Any CPU
		{D51E3D32-4CCB-4142-A00B-A66B9AB1E7AF}.Release|Any CPU.Build.0 = Release|Any CPU
		{82571DD0-F11B-4D31-885A-925B9CF2FB83}.Debug|Any CPU.ActiveCfg = Debug|Any CPU
		{82571DD0-F11B-4D31-885A-925B9CF2FB83}.Debug|Any CPU.Build.0 = Debug|Any CPU
		{82571DD0-F11B-4D31-885A-925B9CF2FB83}.Release|Any CPU.ActiveCfg = Release|Any CPU
		{82571DD0-F11B-4D31-885A-925B9CF2FB83}.Release|Any CPU.Build.0 = Release|Any CPU
		{4C1F41FF-1415-429F-BD29-CFEDFFA2596C}.Debug|Any CPU.ActiveCfg = Debug|Any CPU
        {4C1F41FF-1415-429F-BD29-CFEDFFA2596C}.Debug|Any CPU.Build.0 = Debug|Any CPU
        {4C1F41FF-1415-429F-BD29-CFEDFFA2596C}.Release|Any CPU.ActiveCfg = Release|Any CPU
        {4C1F41FF-1415-429F-BD29-CFEDFFA2596C}.Release|Any CPU.Build.0 = Release|Any CPU
        {C2EEB158-F8AB-4B24-A9B0-9A33B26AB49C}.Debug|Any CPU.ActiveCfg = Debug|Any CPU
        {C2EEB158-F8AB-4B24-A9B0-9A33B26AB49C}.Debug|Any CPU.Build.0 = Debug|Any CPU
        {C2EEB158-F8AB-4B24-A9B0-9A33B26AB49C}.Release|Any CPU.ActiveCfg = Release|Any CPU
        {C2EEB158-F8AB-4B24-A9B0-9A33B26AB49C}.Release|Any CPU.Build.0 = Release|Any CPU
        {70403A72-98C8-439F-85FB-97BDF20C8114}.Debug|Any CPU.ActiveCfg = Debug|Any CPU
        {70403A72-98C8-439F-85FB-97BDF20C8114}.Debug|Any CPU.Build.0 = Debug|Any CPU
        {70403A72-98C8-439F-85FB-97BDF20C8114}.Release|Any CPU.ActiveCfg = Release|Any CPU
        {70403A72-98C8-439F-85FB-97BDF20C8114}.Release|Any CPU.Build.0 = Release|Any CPU
        {5737B7BC-7905-4D37-A6FD-3DAB89A317F4}.Debug|Any CPU.ActiveCfg = Debug|Any CPU
        {5737B7BC-7905-4D37-A6FD-3DAB89A317F4}.Debug|Any CPU.Build.0 = Debug|Any CPU
        {5737B7BC-7905-4D37-A6FD-3DAB89A317F4}.Release|Any CPU.ActiveCfg = Release|Any CPU
        {5737B7BC-7905-4D37-A6FD-3DAB89A317F4}.Release|Any CPU.Build.0 = Release|Any CPU
	EndGlobalSection
	GlobalSection(NestedProjects) = preSolution
		{D51E3D32-4CCB-4142-A00B-A66B9AB1E7AF} = {E02345C6-AA61-4F71-A440-004336F5945F}
		{82571DD0-F11B-4D31-885A-925B9CF2FB83} = {E02345C6-AA61-4F71-A440-004336F5945F}
		{4C1F41FF-1415-429F-BD29-CFEDFFA2596C} = {BCAC9BEC-A9CD-47B6-BAF8-ECC398027268}
        {C2EEB158-F8AB-4B24-A9B0-9A33B26AB49C} = {BCAC9BEC-A9CD-47B6-BAF8-ECC398027268}
        {70403A72-98C8-439F-85FB-97BDF20C8114} = {BCAC9BEC-A9CD-47B6-BAF8-ECC398027268}
        {5737B7BC-7905-4D37-A6FD-3DAB89A317F4} = {BCAC9BEC-A9CD-47B6-BAF8-ECC398027268}
	EndGlobalSection
EndGlobal
